
Microsoft Visual Studio Solution File, Format Version 12.00
# Visual Studio Version 16
VisualStudioVersion = 16.0.30907.101
MinimumVisualStudioVersion = 10.0.40219.1
Project("{FAE04EC0-301F-11D3-BF4B-00C04F79EFBC}") = "SetSeedRandom", "SetSeedRandom.csproj", "{13F93B09-44CB-4D66-9457-2615FFCAEA5B}"
EndProject
Global
	GlobalSection(SolutionConfigurationPlatforms) = preSolution
		Debug|Any CPU = Debug|Any CPU
		Release|Any CPU = Release|Any CPU
	EndGlobalSection
	GlobalSection(ProjectConfigurationPlatforms) = postSolution
		{13F93B09-44CB-4D66-9457-2615FFCAEA5B}.Debug|Any CPU.ActiveCfg = Debug|Any CPU
		{13F93B09-44CB-4D66-9457-2615FFCAEA5B}.Debug|Any CPU.Build.0 = Debug|Any CPU
		{13F93B09-44CB-4D66-9457-2615FFCAEA5B}.Release|Any CPU.ActiveCfg = Release|Any CPU
		{13F93B09-44CB-4D66-9457-2615FFCAEA5B}.Release|Any CPU.Build.0 = Release|Any CPU
	EndGlobalSection
	GlobalSection(SolutionProperties) = preSolution
		HideSolutionNode = FALSE
	EndGlobalSection
	GlobalSection(ExtensibilityGlobals) = postSolution
		SolutionGuid = {74103250-3891-444A-AE19-5E68632AE8D0}
	EndGlobalSection
EndGlobal
